// !$*UTF8*$!
{
	archiveVersion = 1;
	classes = {
	};
	objectVersion = 50;
	objects = {

/* Begin PBXBuildFile section */
		304CB2352476E0BA00DBAC01 /* AppDelegate.swift in Sources */ = {isa = PBXBuildFile; fileRef = 304CB2342476E0BA00DBAC01 /* AppDelegate.swift */; };
		304CB2372476E0BA00DBAC01 /* SceneDelegate.swift in Sources */ = {isa = PBXBuildFile; fileRef = 304CB2362476E0BA00DBAC01 /* SceneDelegate.swift */; };
		304CB2392476E0BA00DBAC01 /* ViewController.swift in Sources */ = {isa = PBXBuildFile; fileRef = 304CB2382476E0BA00DBAC01 /* ViewController.swift */; };
		304CB23C2476E0BA00DBAC01 /* Main.storyboard in Resources */ = {isa = PBXBuildFile; fileRef = 304CB23A2476E0BA00DBAC01 /* Main.storyboard */; };
		304CB23E2476E0BC00DBAC01 /* Assets.xcassets in Resources */ = {isa = PBXBuildFile; fileRef = 304CB23D2476E0BC00DBAC01 /* Assets.xcassets */; };
		304CB2412476E0BC00DBAC01 /* LaunchScreen.storyboard in Resources */ = {isa = PBXBuildFile; fileRef = 304CB23F2476E0BC00DBAC01 /* LaunchScreen.storyboard */; };
		305260D9247FDE3B00E3B3BB /* Constants.swift in Sources */ = {isa = PBXBuildFile; fileRef = 305260D8247FDE3B00E3B3BB /* Constants.swift */; };
/* End PBXBuildFile section */

/* Begin PBXFileReference section */
		304CB2312476E0BA00DBAC01 /* My Youtube App.app */ = {isa = PBXFileReference; explicitFileType = wrapper.application; includeInIndex = 0; path = "My Youtube App.app"; sourceTree = BUILT_PRODUCTS_DIR; };
		304CB2342476E0BA00DBAC01 /* AppDelegate.swift */ = {isa = PBXFileReference; lastKnownFileType = sourcecode.swift; path = AppDelegate.swift; sourceTree = "<group>"; };
		304CB2362476E0BA00DBAC01 /* SceneDelegate.swift */ = {isa = PBXFileReference; lastKnownFileType = sourcecode.swift; path = SceneDelegate.swift; sourceTree = "<group>"; };
		304CB2382476E0BA00DBAC01 /* ViewController.swift */ = {isa = PBXFileReference; lastKnownFileType = sourcecode.swift; path = ViewController.swift; sourceTree = "<group>"; };
		304CB23B2476E0BA00DBAC01 /* Base */ = {isa = PBXFileReference; lastKnownFileType = file.storyboard; name = Base; path = Base.lproj/Main.storyboard; sourceTree = "<group>"; };
		304CB23D2476E0BC00DBAC01 /* Assets.xcassets */ = {isa = PBXFileReference; lastKnownFileType = folder.assetcatalog; path = Assets.xcassets; sourceTree = "<group>"; };
		304CB2402476E0BC00DBAC01 /* Base */ = {isa = PBXFileReference; lastKnownFileType = file.storyboard; name = Base; path = Base.lproj/LaunchScreen.storyboard; sourceTree = "<group>"; };
		304CB2422476E0BC00DBAC01 /* Info.plist */ = {isa = PBXFileReference; lastKnownFileType = text.plist.xml; path = Info.plist; sourceTree = "<group>"; };
		305260D8247FDE3B00E3B3BB /* Constants.swift */ = {isa = PBXFileReference; lastKnownFileType = sourcecode.swift; path = Constants.swift; sourceTree = "<group>"; };
/* End PBXFileReference section */

/* Begin PBXFrameworksBuildPhase section */
		304CB22E2476E0BA00DBAC01 /* Frameworks */ = {
			isa = PBXFrameworksBuildPhase;
			buildActionMask = 2147483647;
			files = (
			);
			runOnlyForDeploymentPostprocessing = 0;
		};
/* End PBXFrameworksBuildPhase section */

/* Begin PBXGroup section */
		304CB2282476E0BA00DBAC01 = {
			isa = PBXGroup;
			children = (
				304CB2332476E0BA00DBAC01 /* My Youtube App */,
				304CB2322476E0BA00DBAC01 /* Products */,
			);
			sourceTree = "<group>";
		};
		304CB2322476E0BA00DBAC01 /* Products */ = {
			isa = PBXGroup;
			children = (
				304CB2312476E0BA00DBAC01 /* My Youtube App.app */,
			);
			name = Products;
			sourceTree = "<group>";
		};
		304CB2332476E0BA00DBAC01 /* My Youtube App */ = {
			isa = PBXGroup;
			children = (
				304CB2342476E0BA00DBAC01 /* AppDelegate.swift */,
				304CB2362476E0BA00DBAC01 /* SceneDelegate.swift */,
				304CB2382476E0BA00DBAC01 /* ViewController.swift */,
				304CB23A2476E0BA00DBAC01 /* Main.storyboard */,
				304CB23D2476E0BC00DBAC01 /* Assets.xcassets */,
				304CB23F2476E0BC00DBAC01 /* LaunchScreen.storyboard */,
				304CB2422476E0BC00DBAC01 /* Info.plist */,
				305260D8247FDE3B00E3B3BB /* Constants.swift */,
			);
			path = "My Youtube App";
			sourceTree = "<group>";
		};
/* End PBXGroup section */

/* Begin PBXNativeTarget section */
		304CB2302476E0BA00DBAC01 /* My Youtube App */ = {
			isa = PBXNativeTarget;
			buildConfigurationList = 304CB2452476E0BC00DBAC01 /* Build configuration list for PBXNativeTarget "My Youtube App" */;
			buildPhases = (
				304CB22D2476E0BA00DBAC01 /* Sources */,
				304CB22E2476E0BA00DBAC01 /* Frameworks */,
				304CB22F2476E0BA00DBAC01 /* Resources */,
			);
			buildRules = (
			);
			dependencies = (
			);
			name = "My Youtube App";
			productName = "My Youtube App";
			productReference = 304CB2312476E0BA00DBAC01 /* My Youtube App.app */;
			productType = "com.apple.product-type.application";
		};
/* End PBXNativeTarget section */

/* Begin PBXProject section */
		304CB2292476E0BA00DBAC01 /* Project object */ = {
			isa = PBXProject;
			attributes = {
				LastSwiftUpdateCheck = 1110;
				LastUpgradeCheck = 1110;
				ORGANIZATIONNAME = "Abhishek Rawat";
				TargetAttributes = {
					304CB2302476E0BA00DBAC01 = {
						CreatedOnToolsVersion = 11.1;
					};
				};
			};
			buildConfigurationList = 304CB22C2476E0BA00DBAC01 /* Build configuration list for PBXProject "My Youtube App" */;
			compatibilityVersion = "Xcode 9.3";
			developmentRegion = en;
			hasScannedForEncodings = 0;
			knownRegions = (
				en,
				Base,
			);
			mainGroup = 304CB2282476E0BA00DBAC01;
			productRefGroup = 304CB2322476E0BA00DBAC01 /* Products */;
			projectDirPath = "";
			projectRoot = "";
			targets = (
				304CB2302476E0BA00DBAC01 /* My Youtube App */,
			);
		};
/* End PBXProject section */

/* Begin PBXResourcesBuildPhase section */
		304CB22F2476E0BA00DBAC01 /* Resources */ = {
			isa = PBXResourcesBuildPhase;
			buildActionMask = 2147483647;
			files = (
				304CB2412476E0BC00DBAC01 /* LaunchScreen.storyboard in Resources */,
				304CB23E2476E0BC00DBAC01 /* Assets.xcassets in Resources */,
				304CB23C2476E0BA00DBAC01 /* Main.storyboard in Resources */,
			);
			runOnlyForDeploymentPostprocessing = 0;
		};
/* End PBXResourcesBuildPhase section */

/* Begin PBXSourcesBuildPhase section */
		304CB22D2476E0BA00DBAC01 /* Sources */ = {
			isa = PBXSourcesBuildPhase;
			buildActionMask = 2147483647;
			files = (
				304CB2392476E0BA00DBAC01 /* ViewController.swift in Sources */,
				304CB2352476E0BA00DBAC01 /* AppDelegate.swift in Sources */,
				304CB2372476E0BA00DBAC01 /* SceneDelegate.swift in Sources */,
				305260D9247FDE3B00E3B3BB /* Constants.swift in Sources */,
			);
			runOnlyForDeploymentPostprocessing = 0;
		};
/* End PBXSourcesBuildPhase section */

/* Begin PBXVariantGroup section */
		304CB23A2476E0BA00DBAC01 /* Main.storyboard */ = {
			isa = PBXVariantGroup;
			children = (
				304CB23B2476E0BA00DBAC01 /* Base */,
			);
			name = Main.storyboard;
			sourceTree = "<group>";
		};
		304CB23F2476E0BC00DBAC01 /* LaunchScreen.storyboard */ = {
			isa = PBXVariantGroup;
			children = (
				304CB2402476E0BC00DBAC01 /* Base */,
			);
			name = LaunchScreen.storyboard;
			sourceTree = "<group>";
		};
/* End PBXVariantGroup section */

/* Begin XCBuildConfiguration section */
		304CB2432476E0BC00DBAC01 /* Debug */ = {
			isa = XCBuildConfiguration;
			buildSettings = {
				ALWAYS_SEARCH_USER_PATHS = NO;
				CLANG_ANALYZER_NONNULL = YES;
				CLANG_ANALYZER_NUMBER_OBJECT_CONVERSION = YES_AGGRESSIVE;
				CLANG_CXX_LANGUAGE_STANDARD = "gnu++14";
				CLANG_CXX_LIBRARY = "libc++";
				CLANG_ENABLE_MODULES = YES;
				CLANG_ENABLE_OBJC_ARC = YES;
				CLANG_ENABLE_OBJC_WEAK = YES;
				CLANG_WARN_BLOCK_CAPTURE_AUTORELEASING = YES;
				CLANG_WARN_BOOL_CONVERSION = YES;
				CLANG_WARN_COMMA = YES;
				CLANG_WARN_CONSTANT_CONVERSION = YES;
				CLANG_WARN_DEPRECATED_OBJC_IMPLEMENTATIONS = YES;
				CLANG_WARN_DIRECT_OBJC_ISA_USAGE = YES_ERROR;
				CLANG_WARN_DOCUMENTATION_COMMENTS = YES;
				CLANG_WARN_EMPTY_BODY = YES;
				CLANG_WARN_ENUM_CONVERSION = YES;
				CLANG_WARN_INFINITE_RECURSION = YES;
				CLANG_WARN_INT_CONVERSION = YES;
				CLANG_WARN_NON_LITERAL_NULL_CONVERSION = YES;
				CLANG_WARN_OBJC_IMPLICIT_RETAIN_SELF = YES;
				CLANG_WARN_OBJC_LITERAL_CONVERSION = YES;
				CLANG_WARN_OBJC_ROOT_CLASS = YES_ERROR;
				CLANG_WARN_RANGE_LOOP_ANALYSIS = YES;
				CLANG_WARN_STRICT_PROTOTYPES = YES;
				CLANG_WARN_SUSPICIOUS_MOVE = YES;
				CLANG_WARN_UNGUARDED_AVAILABILITY = YES_AGGRESSIVE;
				CLANG_WARN_UNREACHABLE_CODE = YES;
				CLANG_WARN__DUPLICATE_METHOD_MATCH = YES;
				COPY_PHASE_STRIP = NO;
				DEBUG_INFORMATION_FORMAT = dwarf;
				ENABLE_STRICT_OBJC_MSGSEND = YES;
				ENABLE_TESTABILITY = YES;
				GCC_C_LANGUAGE_STANDARD = gnu11;
				GCC_DYNAMIC_NO_PIC = NO;
				GCC_NO_COMMON_BLOCKS = YES;
				GCC_OPTIMIZATION_LEVEL = 0;
				GCC_PREPROCESSOR_DEFINITIONS = (
					"DEBUG=1",
					"$(inherited)",
				);
				GCC_WARN_64_TO_32_BIT_CONVERSION = YES;
				GCC_WARN_ABOUT_RETURN_TYPE = YES_ERROR;
				GCC_WARN_UNDECLARED_SELECTOR = YES;
				GCC_WARN_UNINITIALIZED_AUTOS = YES_AGGRESSIVE;
				GCC_WARN_UNUSED_FUNCTION = YES;
				GCC_WARN_UNUSED_VARIABLE = YES;
				IPHONEOS_DEPLOYMENT_TARGET = 13.1;
				MTL_ENABLE_DEBUG_INFO = INCLUDE_SOURCE;
				MTL_FAST_MATH = YES;
				ONLY_ACTIVE_ARCH = YES;
				SDKROOT = iphoneos;
				SWIFT_ACTIVE_COMPILATION_CONDITIONS = DEBUG;
				SWIFT_OPTIMIZATION_LEVEL = "-Onone";
			};
			name = Debug;
		};
		304CB2442476E0BC00DBAC01 /* Release */ = {
			isa = XCBuildConfiguration;
			buildSettings = {
				ALWAYS_SEARCH_USER_PATHS = NO;
				CLANG_ANALYZER_NONNULL = YES;
				CLANG_ANALYZER_NUMBER_OBJECT_CONVERSION = YES_AGGRESSIVE;
				CLANG_CXX_LANGUAGE_STANDARD = "gnu++14";
				CLANG_CXX_LIBRARY = "libc++";
				CLANG_ENABLE_MODULES = YES;
				CLANG_ENABLE_OBJC_ARC = YES;
				CLANG_ENABLE_OBJC_WEAK = YES;
				CLANG_WARN_BLOCK_CAPTURE_AUTORELEASING = YES;
				CLANG_WARN_BOOL_CONVERSION = YES;
				CLANG_WARN_COMMA = YES;
				CLANG_WARN_CONSTANT_CONVERSION = YES;
				CLANG_WARN_DEPRECATED_OBJC_IMPLEMENTATIONS = YES;
				CLANG_WARN_DIRECT_OBJC_ISA_USAGE = YES_ERROR;
				CLANG_WARN_DOCUMENTATION_COMMENTS = YES;
				CLANG_WARN_EMPTY_BODY = YES;
				CLANG_WARN_ENUM_CONVERSION = YES;
				CLANG_WARN_INFINITE_RECURSION = YES;
				CLANG_WARN_INT_CONVERSION = YES;
				CLANG_WARN_NON_LITERAL_NULL_CONVERSION = YES;
				CLANG_WARN_OBJC_IMPLICIT_RETAIN_SELF = YES;
				CLANG_WARN_OBJC_LITERAL_CONVERSION = YES;
				CLANG_WARN_OBJC_ROOT_CLASS = YES_ERROR;
				CLANG_WARN_RANGE_LOOP_ANALYSIS = YES;
				CLANG_WARN_STRICT_PROTOTYPES = YES;
				CLANG_WARN_SUSPICIOUS_MOVE = YES;
				CLANG_WARN_UNGUARDED_AVAILABILITY = YES_AGGRESSIVE;
				CLANG_WARN_UNREACHABLE_CODE = YES;
				CLANG_WARN__DUPLICATE_METHOD_MATCH = YES;
				COPY_PHASE_STRIP = NO;
				DEBUG_INFORMATION_FORMAT = "dwarf-with-dsym";
				ENABLE_NS_ASSERTIONS = NO;
				ENABLE_STRICT_OBJC_MSGSEND = YES;
				GCC_C_LANGUAGE_STANDARD = gnu11;
				GCC_NO_COMMON_BLOCKS = YES;
				GCC_WARN_64_TO_32_BIT_CONVERSION = YES;
				GCC_WARN_ABOUT_RETURN_TYPE = YES_ERROR;
				GCC_WARN_UNDECLARED_SELECTOR = YES;
				GCC_WARN_UNINITIALIZED_AUTOS = YES_AGGRESSIVE;
				GCC_WARN_UNUSED_FUNCTION = YES;
				GCC_WARN_UNUSED_VARIABLE = YES;
				IPHONEOS_DEPLOYMENT_TARGET = 13.1;
				MTL_ENABLE_DEBUG_INFO = NO;
				MTL_FAST_MATH = YES;
				SDKROOT = iphoneos;
				SWIFT_COMPILATION_MODE = wholemodule;
				SWIFT_OPTIMIZATION_LEVEL = "-O";
				VALIDATE_PRODUCT = YES;
			};
			name = Release;
		};
		304CB2462476E0BC00DBAC01 /* Debug */ = {
			isa = XCBuildConfiguration;
			buildSettings = {
				ASSETCATALOG_COMPILER_APPICON_NAME = AppIcon;
				CODE_SIGN_STYLE = Automatic;
				DEVELOPMENT_TEAM = 7U96BNS46B;
				INFOPLIST_FILE = "My Youtube App/Info.plist";
				LD_RUNPATH_SEARCH_PATHS = (
					"$(inherited)",
					"@executable_path/Frameworks",
				);
				PRODUCT_BUNDLE_IDENTIFIER = "com.imadeitmyself.My-Youtube-App";
				PRODUCT_NAME = "$(TARGET_NAME)";
				SWIFT_VERSION = 5.0;
				TARGETED_DEVICE_FAMILY = "1,2";
			};
			name = Debug;
		};
		304CB2472476E0BC00DBAC01 /* Release */ = {
			isa = XCBuildConfiguration;
			buildSettings = {
				ASSETCATALOG_COMPILER_APPICON_NAME = AppIcon;
				CODE_SIGN_STYLE = Automatic;
				DEVELOPMENT_TEAM = 7U96BNS46B;
				INFOPLIST_FILE = "My Youtube App/Info.plist";
				LD_RUNPATH_SEARCH_PATHS = (
					"$(inherited)",
					"@executable_path/Frameworks",
				);
				PRODUCT_BUNDLE_IDENTIFIER = "com.imadeitmyself.My-Youtube-App";
				PRODUCT_NAME = "$(TARGET_NAME)";
				SWIFT_VERSION = 5.0;
				TARGETED_DEVICE_FAMILY = "1,2";
			};
			name = Release;
		};
/* End XCBuildConfiguration section */

/* Begin XCConfigurationList section */
		304CB22C2476E0BA00DBAC01 /* Build configuration list for PBXProject "My Youtube App" */ = {
			isa = XCConfigurationList;
			buildConfigurations = (
				304CB2432476E0BC00DBAC01 /* Debug */,
				304CB2442476E0BC00DBAC01 /* Release */,
			);
			defaultConfigurationIsVisible = 0;
			defaultConfigurationName = Release;
		};
		304CB2452476E0BC00DBAC01 /* Build configuration list for PBXNativeTarget "My Youtube App" */ = {
			isa = XCConfigurationList;
			buildConfigurations = (
				304CB2462476E0BC00DBAC01 /* Debug */,
				304CB2472476E0BC00DBAC01 /* Release */,
			);
			defaultConfigurationIsVisible = 0;
			defaultConfigurationName = Release;
		};
/* End XCConfigurationList section */
	};
	rootObject = 304CB2292476E0BA00DBAC01 /* Project object */;
}
